<?xml version="1.0" encoding="utf-8"?>
<Project ToolsVersion="4.0" xmlns="http://schemas.microsoft.com/developer/msbuild/2003">
  <ItemGroup>
    <Filter Include="Source Files">
      <UniqueIdentifier>{4FC737F1-C7A5-4376-A066-2A32D752A2FF}</UniqueIdentifier>
      <Extensions>cpp;c;cc;cxx;c++;cppm;ixx;def;odl;idl;hpj;bat;asm;asmx</Extensions>
    </Filter>
    <Filter Include="Header Files">
      <UniqueIdentifier>{93995380-89BD-4b04-88EB-625FBE52EBFB}</UniqueIdentifier>
      <Extensions>h;hh;hpp;hxx;h++;hm;inl;inc;ipp;xsd</Extensions>
    </Filter>
    <Filter Include="Resource Files">
      <UniqueIdentifier>{67DA6AB6-F800-4c08-8B7A-83BB121AAD01}</UniqueIdentifier>
      <Extensions>rc;ico;cur;bmp;dlg;rc2;rct;bin;rgs;gif;jpg;jpeg;jpe;resx;tiff;tif;png;wav;mfcribbon-ms</Extensions>
    </Filter>
    <Filter Include="Source Files\Engine">
      <UniqueIdentifier>{2f1c6112-b233-42b9-a1bd-e7c5561e88d5}</UniqueIdentifier>
    </Filter>
    <Filter Include="Source Files\Objects">
      <UniqueIdentifier>{6eca9722-efb0-4582-9bb1-082e45786667}</UniqueIdentifier>
    </Filter>
    <Filter Include="Header Files\Objects">
      <UniqueIdentifier>{1418e4c1-fce8-4702-8de4-12e69c502c09}</UniqueIdentifier>
    </Filter>
    <Filter Include="Header Files\Engine">
      <UniqueIdentifier>{53786835-0044-4d8f-8018-97ce33b4e8e5}</UniqueIdentifier>
    </Filter>
    <Filter Include="Resource Files\Отрисовка объектов">
      <UniqueIdentifier>{7b90aa56-a9ff-4b3b-83ac-774c4e43b49d}</UniqueIdentifier>
    </Filter>
    <Filter Include="Resource Files\Менюинг">
      <UniqueIdentifier>{c972549a-4121-41ed-bc5f-f8e04b81c6ac}</UniqueIdentifier>
    </Filter>
    <Filter Include="Resource Files\Шрифт">
      <UniqueIdentifier>{6abbd4c1-3dd8-4717-9ee2-d6ebe38350fe}</UniqueIdentifier>
    </Filter>
    <Filter Include="Resource Files\Уровни">
      <UniqueIdentifier>{cd1470da-5f18-4372-8e66-acb0ba2ece33}</UniqueIdentifier>
    </Filter>
    <Filter Include="Source Files\Менюинг">
      <UniqueIdentifier>{f8c59ca6-6096-4681-8f79-bbbd7a2979d6}</UniqueIdentifier>
    </Filter>
    <Filter Include="Header Files\Менюинг">
      <UniqueIdentifier>{89f7f771-6b27-44d2-b1c8-db85dbaca646}</UniqueIdentifier>
    </Filter>
  </ItemGroup>
  <ItemGroup>
    <ClCompile Include="main.cpp">
      <Filter>Source Files</Filter>
    </ClCompile>
    <ClCompile Include="TextureManager.cpp">
      <Filter>Source Files\Engine</Filter>
    </ClCompile>
    <ClCompile Include="SFMLObject.cpp">
      <Filter>Source Files\Engine</Filter>
    </ClCompile>
    <ClCompile Include="MyKeyboard.cpp">
      <Filter>Source Files\Engine</Filter>
    </ClCompile>
    <ClCompile Include="Mouse.cpp">
      <Filter>Source Files\Engine</Filter>
    </ClCompile>
    <ClCompile Include="Game.cpp">
      <Filter>Source Files\Engine</Filter>
    </ClCompile>
    <ClCompile Include="Goal.cpp">
      <Filter>Source Files\Objects</Filter>
    </ClCompile>
    <ClCompile Include="Hero.cpp">
      <Filter>Source Files\Objects</Filter>
    </ClCompile>
    <ClCompile Include="Box.cpp">
      <Filter>Source Files\Objects</Filter>
    </ClCompile>
    <ClCompile Include="Wall.cpp">
      <Filter>Source Files\Objects</Filter>
    </ClCompile>
    <ClCompile Include="Room.cpp">
      <Filter>Source Files\Engine</Filter>
    </ClCompile>
    <ClCompile Include="SolidObject.cpp">
      <Filter>Source Files\Engine</Filter>
    </ClCompile>
    <ClCompile Include="FloarL.cpp">
      <Filter>Source Files\Objects</Filter>
    </ClCompile>
    <ClCompile Include="FloarB.cpp">
      <Filter>Source Files\Objects</Filter>
    </ClCompile>
    <ClCompile Include="LevelMenuRoom.cpp">
      <Filter>Source Files\Менюинг</Filter>
    </ClCompile>
    <ClCompile Include="LVLMenuBackground.cpp">
      <Filter>Source Files\Менюинг</Filter>
    </ClCompile>
    <ClCompile Include="MainMenuBackground.cpp">
      <Filter>Source Files\Менюинг</Filter>
    </ClCompile>
    <ClCompile Include="MainMenuRoom.cpp">
      <Filter>Source Files\Менюинг</Filter>
    </ClCompile>
    <ClCompile Include="GameInitRoom.cpp">
      <Filter>Source Files\Engine</Filter>
    </ClCompile>
    <ClCompile Include="SFMLButton.cpp">
      <Filter>Source Files\Engine</Filter>
    </ClCompile>
    <ClCompile Include="SFMLFont.cpp">
      <Filter>Source Files\Engine</Filter>
    </ClCompile>
    <ClCompile Include="GameLevelRoom.cpp">
      <Filter>Source Files\Engine</Filter>
    </ClCompile>
    <ClCompile Include="FadeOutAndChangeRoom.cpp">
      <Filter>Source Files\Engine</Filter>
    </ClCompile>
    <ClCompile Include="LevelScoreMenu.cpp">
      <Filter>Source Files\Менюинг</Filter>
    </ClCompile>
    <ClCompile Include="ScoreManager.cpp">
      <Filter>Source Files\Engine</Filter>
    </ClCompile>
    <ClCompile Include="ScoreMenu.cpp">
      <Filter>Source Files\Менюинг</Filter>
    </ClCompile>
    <ClCompile Include="SFMLFadeIn.cpp">
      <Filter>Source Files\Engine</Filter>
    </ClCompile>
  </ItemGroup>
  <ItemGroup>
    <ClInclude Include="GameInitRoom.h">
      <Filter>Header Files</Filter>
    </ClInclude>
    <ClInclude Include="resource.h">
      <Filter>Header Files</Filter>
    </ClInclude>
    <ClInclude Include="GameLevelRoom.h">
      <Filter>Header Files</Filter>
    </ClInclude>
    <ClInclude Include="Box.h">
      <Filter>Header Files\Objects</Filter>
    </ClInclude>
    <ClInclude Include="Goal.h">
      <Filter>Header Files\Objects</Filter>
    </ClInclude>
    <ClInclude Include="Hero.h">
      <Filter>Header Files\Objects</Filter>
    </ClInclude>
    <ClInclude Include="Wall.h">
      <Filter>Header Files\Objects</Filter>
    </ClInclude>
    <ClInclude Include="TextureManager.h">
      <Filter>Header Files\Engine</Filter>
    </ClInclude>
    <ClInclude Include="Mouse.h">
      <Filter>Header Files\Engine</Filter>
    </ClInclude>
    <ClInclude Include="MyKeyboard.h">
      <Filter>Header Files\Engine</Filter>
    </ClInclude>
    <ClInclude Include="SFMLObject.h">
      <Filter>Header Files\Engine</Filter>
    </ClInclude>
    <ClInclude Include="Room.h">
      <Filter>Header Files\Engine</Filter>
    </ClInclude>
    <ClInclude Include="Game.h">
      <Filter>Header Files\Engine</Filter>
    </ClInclude>
    <ClInclude Include="SolidObject.h">
      <Filter>Header Files\Engine</Filter>
    </ClInclude>
    <ClInclude Include="FloarB.h">
      <Filter>Header Files\Objects</Filter>
    </ClInclude>
    <ClInclude Include="FloarL.h">
      <Filter>Header Files\Objects</Filter>
    </ClInclude>
    <ClInclude Include="LevelMenuRoom.h">
      <Filter>Header Files\Менюинг</Filter>
    </ClInclude>
    <ClInclude Include="LVLMenuBackground.h">
      <Filter>Header Files\Менюинг</Filter>
    </ClInclude>
    <ClInclude Include="MainMenuBackground.h">
      <Filter>Header Files\Менюинг</Filter>
    </ClInclude>
    <ClInclude Include="MainMenuRoom.h">
      <Filter>Header Files\Менюинг</Filter>
    </ClInclude>
    <ClInclude Include="SFMLButton.h">
      <Filter>Header Files\Engine</Filter>
    </ClInclude>
    <ClInclude Include="SFMLFont.h">
      <Filter>Header Files\Engine</Filter>
    </ClInclude>
    <ClInclude Include="ScoreManager.h">
      <Filter>Header Files\Engine</Filter>
    </ClInclude>
    <ClInclude Include="SFMLFadeIn.h">
      <Filter>Header Files\Engine</Filter>
    </ClInclude>
    <ClInclude Include="FadeOutAndChangeRoom.h">
      <Filter>Header Files</Filter>
    </ClInclude>
    <ClInclude Include="ScoreMenu.h">
      <Filter>Header Files</Filter>
    </ClInclude>
    <ClInclude Include="LevelScoreMenu.h">
      <Filter>Header Files</Filter>
    </ClInclude>
  </ItemGroup>
  <ItemGroup>
    <Image Include="assets\Tileset.png">
      <Filter>Resource Files</Filter>
    </Image>
    <Image Include="assets\Test.png">
      <Filter>Resource Files</Filter>
    </Image>
    <Image Include="assets\Font.png">
      <Filter>Resource Files\Шрифт</Filter>
    </Image>
    <Image Include="assets\Box.png">
      <Filter>Resource Files\Отрисовка объектов</Filter>
    </Image>
    <Image Include="assets\menu\ExitBUtton.png">
      <Filter>Resource Files\Менюинг</Filter>
    </Image>
    <Image Include="assets\FloarBlack.png">
      <Filter>Resource Files\Отрисовка объектов</Filter>
    </Image>
    <Image Include="assets\FloarLight.png">
      <Filter>Resource Files\Отрисовка объектов</Filter>
    </Image>
    <Image Include="assets\Goal.png">
      <Filter>Resource Files\Отрисовка объектов</Filter>
    </Image>
    <Image Include="assets\Hero.png">
      <Filter>Resource Files\Отрисовка объектов</Filter>
    </Image>
    <Image Include="assets\hero_down.png">
      <Filter>Resource Files\Отрисовка объектов</Filter>
    </Image>
    <Image Include="assets\hero_left.png">
      <Filter>Resource Files\Отрисовка объектов</Filter>
    </Image>
    <Image Include="assets\hero_right.png">
      <Filter>Resource Files\Отрисовка объектов</Filter>
    </Image>
    <Image Include="assets\hero_up.png">
      <Filter>Resource Files\Отрисовка объектов</Filter>
    </Image>
    <Image Include="assets\LBox.png">
      <Filter>Resource Files\Отрисовка объектов</Filter>
    </Image>
    <Image Include="assets\menu\LvlsBUtton.png">
      <Filter>Resource Files\Менюинг</Filter>
    </Image>
    <Image Include="assets\MainMenu.png">
      <Filter>Resource Files\Менюинг</Filter>
    </Image>
    <Image Include="assets\MainMenuButton.png">
      <Filter>Resource Files\Менюинг</Filter>
    </Image>
    <Image Include="assets\NumBUtton.png">
      <Filter>Resource Files\Менюинг</Filter>
    </Image>
    <Image Include="assets\menu\PlayBUtton.png">
      <Filter>Resource Files\Менюинг</Filter>
    </Image>
    <Image Include="assets\menu\ScoreBUtton.png">
      <Filter>Resource Files\Менюинг</Filter>
    </Image>
    <Image Include="assets\Wall.png">
      <Filter>Resource Files\Отрисовка объектов</Filter>
    </Image>
    <Image Include="assets\font\Flying_Mage_square_16x16.png">
      <Filter>Resource Files\Шрифт</Filter>
    </Image>
    <Image Include="assets\font\Font.png">
      <Filter>Resource Files\Шрифт</Filter>
    </Image>
    <Image Include="assets\font\Anno_16x16.png">
      <Filter>Resource Files\Шрифт</Filter>
    </Image>
    <Image Include="assets\menu\NumBUtton.png">
      <Filter>Resource Files\Менюинг</Filter>
    </Image>
  </ItemGroup>
  <ItemGroup>
    <Text Include="level.txt">
      <Filter>Resource Files\Уровни</Filter>
    </Text>
    <Text Include="levels\level1.txt">
      <Filter>Resource Files\Уровни</Filter>
    </Text>
  </ItemGroup>
</Project>